// !$*UTF8*$!
{
	archiveVersion = 1;
	classes = {
	};
	objectVersion = 46;
	objects = {

/* Begin PBXBuildFile section */
		BA778FF51BC12ECB00946F42 /* AppDelegate.swift in Sources */ = {isa = PBXBuildFile; fileRef = BA778FF41BC12ECB00946F42 /* AppDelegate.swift */; };
		BA778FF71BC12ECB00946F42 /* ViewController.swift in Sources */ = {isa = PBXBuildFile; fileRef = BA778FF61BC12ECB00946F42 /* ViewController.swift */; };
		BA778FFA1BC12ECB00946F42 /* Main.storyboard in Resources */ = {isa = PBXBuildFile; fileRef = BA778FF81BC12ECB00946F42 /* Main.storyboard */; };
		BA778FFC1BC12ECB00946F42 /* Assets.xcassets in Resources */ = {isa = PBXBuildFile; fileRef = BA778FFB1BC12ECB00946F42 /* Assets.xcassets */; };
		BA778FFF1BC12ECB00946F42 /* LaunchScreen.storyboard in Resources */ = {isa = PBXBuildFile; fileRef = BA778FFD1BC12ECB00946F42 /* LaunchScreen.storyboard */; };
/* End PBXBuildFile section */

/* Begin PBXFileReference section */
		BA778FF11BC12ECB00946F42 /* IOS9SearchApi.app */ = {isa = PBXFileReference; explicitFileType = wrapper.application; includeInIndex = 0; path = IOS9SearchApi.app; sourceTree = BUILT_PRODUCTS_DIR; };
		BA778FF41BC12ECB00946F42 /* AppDelegate.swift */ = {isa = PBXFileReference; lastKnownFileType = sourcecode.swift; path = AppDelegate.swift; sourceTree = "<group>"; };
		BA778FF61BC12ECB00946F42 /* ViewController.swift */ = {isa = PBXFileReference; lastKnownFileType = sourcecode.swift; path = ViewController.swift; sourceTree = "<group>"; };
		BA778FF91BC12ECB00946F42 /* Base */ = {isa = PBXFileReference; lastKnownFileType = file.storyboard; name = Base; path = Base.lproj/Main.storyboard; sourceTree = "<group>"; };
		BA778FFB1BC12ECB00946F42 /* Assets.xcassets */ = {isa = PBXFileReference; lastKnownFileType = folder.assetcatalog; path = Assets.xcassets; sourceTree = "<group>"; };
		BA778FFE1BC12ECB00946F42 /* Base */ = {isa = PBXFileReference; lastKnownFileType = file.storyboard; name = Base; path = Base.lproj/LaunchScreen.storyboard; sourceTree = "<group>"; };
		BA7790001BC12ECB00946F42 /* Info.plist */ = {isa = PBXFileReference; lastKnownFileType = text.plist.xml; path = Info.plist; sourceTree = "<group>"; };
/* End PBXFileReference section */

/* Begin PBXFrameworksBuildPhase section */
		BA778FEE1BC12ECB00946F42 /* Frameworks */ = {
			isa = PBXFrameworksBuildPhase;
			buildActionMask = 2147483647;
			files = (
			);
			runOnlyForDeploymentPostprocessing = 0;
		};
/* End PBXFrameworksBuildPhase section */

/* Begin PBXGroup section */
		BA778FE81BC12ECB00946F42 = {
			isa = PBXGroup;
			children = (
				BA778FF31BC12ECB00946F42 /* IOS9SearchApi */,
				BA778FF21BC12ECB00946F42 /* Products */,
			);
			sourceTree = "<group>";
		};
		BA778FF21BC12ECB00946F42 /* Products */ = {
			isa = PBXGroup;
			children = (
				BA778FF11BC12ECB00946F42 /* IOS9SearchApi.app */,
			);
			name = Products;
			sourceTree = "<group>";
		};
		BA778FF31BC12ECB00946F42 /* IOS9SearchApi */ = {
			isa = PBXGroup;
			children = (
				BA778FF41BC12ECB00946F42 /* AppDelegate.swift */,
				BA778FF61BC12ECB00946F42 /* ViewController.swift */,
				BA778FF81BC12ECB00946F42 /* Main.storyboard */,
				BA778FFB1BC12ECB00946F42 /* Assets.xcassets */,
				BA778FFD1BC12ECB00946F42 /* LaunchScreen.storyboard */,
				BA7790001BC12ECB00946F42 /* Info.plist */,
			);
			path = IOS9SearchApi;
			sourceTree = "<group>";
		};
/* End PBXGroup section */

/* Begin PBXNativeTarget section */
		BA778FF01BC12ECB00946F42 /* IOS9SearchApi */ = {
			isa = PBXNativeTarget;
			buildConfigurationList = BA7790031BC12ECB00946F42 /* Build configuration list for PBXNativeTarget "IOS9SearchApi" */;
			buildPhases = (
				BA778FED1BC12ECB00946F42 /* Sources */,
				BA778FEE1BC12ECB00946F42 /* Frameworks */,
				BA778FEF1BC12ECB00946F42 /* Resources */,
			);
			buildRules = (
			);
			dependencies = (
			);
			name = IOS9SearchApi;
			productName = IOS9SearchApi;
			productReference = BA778FF11BC12ECB00946F42 /* IOS9SearchApi.app */;
			productType = "com.apple.product-type.application";
		};
/* End PBXNativeTarget section */

/* Begin PBXProject section */
		BA778FE91BC12ECB00946F42 /* Project object */ = {
			isa = PBXProject;
			attributes = {
				LastUpgradeCheck = 0700;
				ORGANIZATIONNAME = liyan;
				TargetAttributes = {
					BA778FF01BC12ECB00946F42 = {
						CreatedOnToolsVersion = 7.0.1;
					};
				};
			};
			buildConfigurationList = BA778FEC1BC12ECB00946F42 /* Build configuration list for PBXProject "IOS9SearchApi" */;
			compatibilityVersion = "Xcode 3.2";
			developmentRegion = English;
			hasScannedForEncodings = 0;
			knownRegions = (
				en,
				Base,
			);
			mainGroup = BA778FE81BC12ECB00946F42;
			productRefGroup = BA778FF21BC12ECB00946F42 /* Products */;
			projectDirPath = "";
			projectRoot = "";
			targets = (
				BA778FF01BC12ECB00946F42 /* IOS9SearchApi */,
			);
		};
/* End PBXProject section */

/* Begin PBXResourcesBuildPhase section */
		BA778FEF1BC12ECB00946F42 /* Resources */ = {
			isa = PBXResourcesBuildPhase;
			buildActionMask = 2147483647;
			files = (
				BA778FFF1BC12ECB00946F42 /* LaunchScreen.storyboard in Resources */,
				BA778FFC1BC12ECB00946F42 /* Assets.xcassets in Resources */,
				BA778FFA1BC12ECB00946F42 /* Main.storyboard in Resources */,
			);
			runOnlyForDeploymentPostprocessing = 0;
		};
/* End PBXResourcesBuildPhase section */

/* Begin PBXSourcesBuildPhase section */
		BA778FED1BC12ECB00946F42 /* Sources */ = {
			isa = PBXSourcesBuildPhase;
			buildActionMask = 2147483647;
			files = (
				BA778FF71BC12ECB00946F42 /* ViewController.swift in Sources */,
				BA778FF51BC12ECB00946F42 /* AppDelegate.swift in Sources */,
			);
			runOnlyForDeploymentPostprocessing = 0;
		};
/* End PBXSourcesBuildPhase section */

/* Begin PBXVariantGroup section */
		BA778FF81BC12ECB00946F42 /* Main.storyboard */ = {
			isa = PBXVariantGroup;
			children = (
				BA778FF91BC12ECB00946F42 /* Base */,
			);
			name = Main.storyboard;
			sourceTree = "<group>";
		};
		BA778FFD1BC12ECB00946F42 /* LaunchScreen.storyboard */ = {
			isa = PBXVariantGroup;
			children = (
				BA778FFE1BC12ECB00946F42 /* Base */,
			);
			name = LaunchScreen.storyboard;
			sourceTree = "<group>";
		};
/* End PBXVariantGroup section */

/* Begin XCBuildConfiguration section */
		BA7790011BC12ECB00946F42 /* Debug */ = {
			isa = XCBuildConfiguration;
			buildSettings = {
				ALWAYS_SEARCH_USER_PATHS = NO;
				CLANG_CXX_LANGUAGE_STANDARD = "gnu++0x";
				CLANG_CXX_LIBRARY = "libc++";
				CLANG_ENABLE_MODULES = YES;
				CLANG_ENABLE_OBJC_ARC = YES;
				CLANG_WARN_BOOL_CONVERSION = YES;
				CLANG_WARN_CONSTANT_CONVERSION = YES;
				CLANG_WARN_DIRECT_OBJC_ISA_USAGE = YES_ERROR;
				CLANG_WARN_EMPTY_BODY = YES;
				CLANG_WARN_ENUM_CONVERSION = YES;
				CLANG_WARN_INT_CONVERSION = YES;
				CLANG_WARN_OBJC_ROOT_CLASS = YES_ERROR;
				CLANG_WARN_UNREACHABLE_CODE = YES;
				CLANG_WARN__DUPLICATE_METHOD_MATCH = YES;
				"CODE_SIGN_IDENTITY[sdk=iphoneos*]" = "iPhone Developer";
				COPY_PHASE_STRIP = NO;
				DEBUG_INFORMATION_FORMAT = dwarf;
				ENABLE_STRICT_OBJC_MSGSEND = YES;
				ENABLE_TESTABILITY = YES;
				GCC_C_LANGUAGE_STANDARD = gnu99;
				GCC_DYNAMIC_NO_PIC = NO;
				GCC_NO_COMMON_BLOCKS = YES;
				GCC_OPTIMIZATION_LEVEL = 0;
				GCC_PREPROCESSOR_DEFINITIONS = (
					"DEBUG=1",
					"$(inherited)",
				);
				GCC_WARN_64_TO_32_BIT_CONVERSION = YES;
				GCC_WARN_ABOUT_RETURN_TYPE = YES_ERROR;
				GCC_WARN_UNDECLARED_SELECTOR = YES;
				GCC_WARN_UNINITIALIZED_AUTOS = YES_AGGRESSIVE;
				GCC_WARN_UNUSED_FUNCTION = YES;
				GCC_WARN_UNUSED_VARIABLE = YES;
				IPHONEOS_DEPLOYMENT_TARGET = 9.0;
				MTL_ENABLE_DEBUG_INFO = YES;
				ONLY_ACTIVE_ARCH = YES;
				SDKROOT = iphoneos;
				SWIFT_OPTIMIZATION_LEVEL = "-Onone";
			};
			name = Debug;
		};
		BA7790021BC12ECB00946F42 /* Release */ = {
			isa = XCBuildConfiguration;
			buildSettings = {
				ALWAYS_SEARCH_USER_PATHS = NO;
				CLANG_CXX_LANGUAGE_STANDARD = "gnu++0x";
				CLANG_CXX_LIBRARY = "libc++";
				CLANG_ENABLE_MODULES = YES;
				CLANG_ENABLE_OBJC_ARC = YES;
				CLANG_WARN_BOOL_CONVERSION = YES;
				CLANG_WARN_CONSTANT_CONVERSION = YES;
				CLANG_WARN_DIRECT_OBJC_ISA_USAGE = YES_ERROR;
				CLANG_WARN_EMPTY_BODY = YES;
				CLANG_WARN_ENUM_CONVERSION = YES;
				CLANG_WARN_INT_CONVERSION = YES;
				CLANG_WARN_OBJC_ROOT_CLASS = YES_ERROR;
				CLANG_WARN_UNREACHABLE_CODE = YES;
				CLANG_WARN__DUPLICATE_METHOD_MATCH = YES;
				"CODE_SIGN_IDENTITY[sdk=iphoneos*]" = "iPhone Developer";
				COPY_PHASE_STRIP = NO;
				DEBUG_INFORMATION_FORMAT = "dwarf-with-dsym";
				ENABLE_NS_ASSERTIONS = NO;
				ENABLE_STRICT_OBJC_MSGSEND = YES;
				GCC_C_LANGUAGE_STANDARD = gnu99;
				GCC_NO_COMMON_BLOCKS = YES;
				GCC_WARN_64_TO_32_BIT_CONVERSION = YES;
				GCC_WARN_ABOUT_RETURN_TYPE = YES_ERROR;
				GCC_WARN_UNDECLARED_SELECTOR = YES;
				GCC_WARN_UNINITIALIZED_AUTOS = YES_AGGRESSIVE;
				GCC_WARN_UNUSED_FUNCTION = YES;
				GCC_WARN_UNUSED_VARIABLE = YES;
				IPHONEOS_DEPLOYMENT_TARGET = 9.0;
				MTL_ENABLE_DEBUG_INFO = NO;
				SDKROOT = iphoneos;
				VALIDATE_PRODUCT = YES;
			};
			name = Release;
		};
		BA7790041BC12ECB00946F42 /* Debug */ = {
			isa = XCBuildConfiguration;
			buildSettings = {
				ASSETCATALOG_COMPILER_APPICON_NAME = AppIcon;
				INFOPLIST_FILE = IOS9SearchApi/Info.plist;
				LD_RUNPATH_SEARCH_PATHS = "$(inherited) @executable_path/Frameworks";
				PRODUCT_BUNDLE_IDENTIFIER = com.liyan.IOS9SearchApi;
				PRODUCT_NAME = "$(TARGET_NAME)";
			};
			name = Debug;
		};
		BA7790051BC12ECB00946F42 /* Release */ = {
			isa = XCBuildConfiguration;
			buildSettings = {
				ASSETCATALOG_COMPILER_APPICON_NAME = AppIcon;
				INFOPLIST_FILE = IOS9SearchApi/Info.plist;
				LD_RUNPATH_SEARCH_PATHS = "$(inherited) @executable_path/Frameworks";
				PRODUCT_BUNDLE_IDENTIFIER = com.liyan.IOS9SearchApi;
				PRODUCT_NAME = "$(TARGET_NAME)";
			};
			name = Release;
		};
/* End XCBuildConfiguration section */

/* Begin XCConfigurationList section */
		BA778FEC1BC12ECB00946F42 /* Build configuration list for PBXProject "IOS9SearchApi" */ = {
			isa = XCConfigurationList;
			buildConfigurations = (
				BA7790011BC12ECB00946F42 /* Debug */,
				BA7790021BC12ECB00946F42 /* Release */,
			);
			defaultConfigurationIsVisible = 0;
			defaultConfigurationName = Release;
		};
		BA7790031BC12ECB00946F42 /* Build configuration list for PBXNativeTarget "IOS9SearchApi" */ = {
			isa = XCConfigurationList;
			buildConfigurations = (
				BA7790041BC12ECB00946F42 /* Debug */,
				BA7790051BC12ECB00946F42 /* Release */,
			);
			defaultConfigurationIsVisible = 0;
		};
/* End XCConfigurationList section */
	};
	rootObject = BA778FE91BC12ECB00946F42 /* Project object */;
}
